github.com/phomola/textkit v0.1.1 h1:3TmmC7yYpJ58TQkLVlC+ibLGKkSC0HhCP0NcY5/MEB0=
github.com/phomola/textkit v0.1.1/go.mod h1:pQz52zWfLWVmwO+DMhClZbyN4+b0flm3JxKcgLysoMo=
github.com/phomola/textkit v0.1.2-0.20230706082054-80baca596b91 h1:ViL1hf1hJSKMi2OxwtlJRuLuhlaNZJmI5M5ilmBRNrQ=
github.com/phomola/textkit v0.1.2-0.20230706082054-80baca596b91/go.mod h1:pQz52zWfLWVmwO+DMhClZbyN4+b0flm3JxKcgLysoMo=
