github.com/phomola/gomisc v0.1.15 h1:AhY11v9FiHYhtOFCCHgMaswd40z3js60H0GXlcel/Rs=
github.com/phomola/gomisc v0.1.15/go.mod h1:uoBEq4AzYq/0+6aGpogZjGMQ5KbN+jmgaoGfUD35bl4=
github.com/phomola/textkit v0.1.10 h1:Br03HDQ38k8nnwz3Mgo8Q34ERXS2s5c5yzs+ddJL3Dw=
github.com/phomola/textkit v0.1.10/go.mod h1:TBo6aNNLo0VPYGkuo0gleI0YbzCDkYO5/04WXMHYObg=
github.com/stretchr/testify v1.12.1 h1:EuwCh5fleGS7H32xRwO3wRGT7DxrDhLAT6FF8MpWDWE=
github.com/stretchr/testify v1.12.1/go.mod h1:MDEgiDPPsNp5cuIrHPPCyornHKgEVbtFUmoNlxoYthg=
go.yaml.in/yaml/v3 v3.0.5 h1:N6y/pJk8buWs9NY5ERU2HSMfm+IuD/OtfdAnq6kESPw=
go.yaml.in/yaml/v3 v3.0.5/go.mod h1:HVTZu1O7/Vkt2N+BFy8Zza+lnLsABggaTM2ZpNIGuKg=
